
Microsoft Visual Studio Solution File, Format Version 12.00
# Visual Studio Version 17
VisualStudioVersion = 17.10.35027.167
MinimumVisualStudioVersion = 10.0.40219.1
Project("{FAE04EC0-301F-11D3-BF4B-00C04F79EFBC}") = "Hospital Management System", "Hospital Management System.csproj", "{9D8D16DA-17FA-4E6C-895B-5A2AFC464D6D}"
EndProject
Global
	GlobalSection(SolutionConfigurationPlatforms) = preSolution
		Debug|Any CPU = Debug|Any CPU
		Release|Any CPU = Release|Any CPU
	EndGlobalSection
	GlobalSection(ProjectConfigurationPlatforms) = postSolution
		{9D8D16DA-17FA-4E6C-895B-5A2AFC464D6D}.Debug|Any CPU.ActiveCfg = Debug|Any CPU
		{9D8D16DA-17FA-4E6C-895B-5A2AFC464D6D}.Debug|Any CPU.Build.0 = Debug|Any CPU
		{9D8D16DA-17FA-4E6C-895B-5A2AFC464D6D}.Release|Any CPU.ActiveCfg = Release|Any CPU
		{9D8D16DA-17FA-4E6C-895B-5A2AFC464D6D}.Release|Any CPU.Build.0 = Release|Any CPU
	EndGlobalSection
	GlobalSection(SolutionProperties) = preSolution
		HideSolutionNode = FALSE
	EndGlobalSection
	GlobalSection(ExtensibilityGlobals) = postSolution
		SolutionGuid = {1A1F06A0-C112-4117-80E8-63060537E040}
	EndGlobalSection
EndGlobal
